
Microsoft Visual Studio Solution File, Format Version 12.00
# Visual Studio 15
VisualStudioVersion = 15.0.28307.779
MinimumVisualStudioVersion = 10.0.40219.1
Project("{FAE04EC0-301F-11D3-BF4B-00C04F79EFBC}") = "Rhombus", "Rhombus\Rhombus.csproj", "{BF9E9347-6991-4342-9710-70DD8840FB9B}"
EndProject
Project("{FAE04EC0-301F-11D3-BF4B-00C04F79EFBC}") = "Diamond", "Diamond\Diamond.csproj", "{4B1C0BEE-898A-4BAD-A5E6-5368CF26087C}"
EndProject
Global
	GlobalSection(SolutionConfigurationPlatforms) = preSolution
		Debug|Any CPU = Debug|Any CPU
		Release|Any CPU = Release|Any CPU
	EndGlobalSection
	GlobalSection(ProjectConfigurationPlatforms) = postSolution
		{BF9E9347-6991-4342-9710-70DD8840FB9B}.Debug|Any CPU.ActiveCfg = Debug|Any CPU
		{BF9E9347-6991-4342-9710-70DD8840FB9B}.Debug|Any CPU.Build.0 = Debug|Any CPU
		{BF9E9347-6991-4342-9710-70DD8840FB9B}.Release|Any CPU.ActiveCfg = Release|Any CPU
		{BF9E9347-6991-4342-9710-70DD8840FB9B}.Release|Any CPU.Build.0 = Release|Any CPU
		{4B1C0BEE-898A-4BAD-A5E6-5368CF26087C}.Debug|Any CPU.ActiveCfg = Debug|Any CPU
		{4B1C0BEE-898A-4BAD-A5E6-5368CF26087C}.Debug|Any CPU.Build.0 = Debug|Any CPU
		{4B1C0BEE-898A-4BAD-A5E6-5368CF26087C}.Release|Any CPU.ActiveCfg = Release|Any CPU
		{4B1C0BEE-898A-4BAD-A5E6-5368CF26087C}.Release|Any CPU.Build.0 = Release|Any CPU
	EndGlobalSection
	GlobalSection(SolutionProperties) = preSolution
		HideSolutionNode = FALSE
	EndGlobalSection
	GlobalSection(ExtensibilityGlobals) = postSolution
		SolutionGuid = {B9A1F471-31BD-4A27-B210-CF0127D29C2E}
	EndGlobalSection
EndGlobal
